// !$*UTF8*$!
{
	archiveVersion = 1;
	classes = {
	};
	objectVersion = 56;
	objects = {

/* Begin PBXBuildFile section */
		E464D0E429F3967F00EFA995 /* App.swift in Sources */ = {isa = PBXBuildFile; fileRef = E464D0E329F3967F00EFA995 /* App.swift */; };
		E464D0E629F3967F00EFA995 /* ContentView.swift in Sources */ = {isa = PBXBuildFile; fileRef = E464D0E529F3967F00EFA995 /* ContentView.swift */; };
		E464D0E829F3968000EFA995 /* Assets.xcassets in Resources */ = {isa = PBXBuildFile; fileRef = E464D0E729F3968000EFA995 /* Assets.xcassets */; };
		E464D0EB29F3968000EFA995 /* Preview Assets.xcassets in Resources */ = {isa = PBXBuildFile; fileRef = E464D0EA29F3968000EFA995 /* Preview Assets.xcassets */; };
		E464D0FC29F396A600EFA995 /* BusOperator.swift in Sources */ = {isa = PBXBuildFile; fileRef = E464D0F329F396A600EFA995 /* BusOperator.swift */; };
		E464D0FD29F396A600EFA995 /* BusStop.swift in Sources */ = {isa = PBXBuildFile; fileRef = E464D0F429F396A600EFA995 /* BusStop.swift */; };
		E464D0FE29F396A600EFA995 /* BusService.swift in Sources */ = {isa = PBXBuildFile; fileRef = E464D0F529F396A600EFA995 /* BusService.swift */; };
		E464D0FF29F396A600EFA995 /* APIFetchers.swift in Sources */ = {isa = PBXBuildFile; fileRef = E464D0F629F396A600EFA995 /* APIFetchers.swift */; };
		E464D10029F396A600EFA995 /* BusRoutePoint.swift in Sources */ = {isa = PBXBuildFile; fileRef = E464D0F729F396A600EFA995 /* BusRoutePoint.swift */; };
		E464D10129F396A600EFA995 /* APIKeyHandler.swift in Sources */ = {isa = PBXBuildFile; fileRef = E464D0F829F396A600EFA995 /* APIKeyHandler.swift */; };
		E464D10229F396A600EFA995 /* BusArrivalInfo.swift in Sources */ = {isa = PBXBuildFile; fileRef = E464D0F929F396A600EFA995 /* BusArrivalInfo.swift */; };
		E464D10329F396A600EFA995 /* BusStopList.swift in Sources */ = {isa = PBXBuildFile; fileRef = E464D0FA29F396A600EFA995 /* BusStopList.swift */; };
		E464D10429F396A600EFA995 /* BusRouteList.swift in Sources */ = {isa = PBXBuildFile; fileRef = E464D0FB29F396A600EFA995 /* BusRouteList.swift */; };
		E464D10629F396C900EFA995 /* BusRouteDirection.swift in Sources */ = {isa = PBXBuildFile; fileRef = E464D10529F396C900EFA995 /* BusRouteDirection.swift */; };
		E464D11129F3971700EFA995 /* JSONUtilities.swift in Sources */ = {isa = PBXBuildFile; fileRef = E464D11029F3971700EFA995 /* JSONUtilities.swift */; };
		E464D11329F398AC00EFA995 /* APIKeys.plist in Resources */ = {isa = PBXBuildFile; fileRef = E464D11229F398AC00EFA995 /* APIKeys.plist */; };
		E464D11529F398C000EFA995 /* Bundle.swift in Sources */ = {isa = PBXBuildFile; fileRef = E464D11429F398C000EFA995 /* Bundle.swift */; };
		E464D11929F3A7D600EFA995 /* BusStopsView.swift in Sources */ = {isa = PBXBuildFile; fileRef = E464D11829F3A7D600EFA995 /* BusStopsView.swift */; };
		E464D11B29F3A80800EFA995 /* BusRoutesView.swift in Sources */ = {isa = PBXBuildFile; fileRef = E464D11A29F3A80800EFA995 /* BusRoutesView.swift */; };
		E464D11D29F3AA1E00EFA995 /* CoordinatesView.swift in Sources */ = {isa = PBXBuildFile; fileRef = E464D11C29F3AA1E00EFA995 /* CoordinatesView.swift */; };
		E464D11F29F3AD0100EFA995 /* PolylinesView.swift in Sources */ = {isa = PBXBuildFile; fileRef = E464D11E29F3AD0100EFA995 /* PolylinesView.swift */; };
		E4958A0329F3D0B400C5BE28 /* Polylines.swift in Sources */ = {isa = PBXBuildFile; fileRef = E4958A0229F3D0B400C5BE28 /* Polylines.swift */; };
		E4958A0629F3DCAB00C5BE28 /* APIKeys-Sample.plist in Resources */ = {isa = PBXBuildFile; fileRef = E4958A0529F3DCAB00C5BE28 /* APIKeys-Sample.plist */; };
/* End PBXBuildFile section */

/* Begin PBXFileReference section */
		E464D0E029F3967F00EFA995 /* DataMall Shopper.app */ = {isa = PBXFileReference; explicitFileType = wrapper.application; includeInIndex = 0; path = "DataMall Shopper.app"; sourceTree = BUILT_PRODUCTS_DIR; };
		E464D0E329F3967F00EFA995 /* App.swift */ = {isa = PBXFileReference; lastKnownFileType = sourcecode.swift; path = App.swift; sourceTree = "<group>"; };
		E464D0E529F3967F00EFA995 /* ContentView.swift */ = {isa = PBXFileReference; lastKnownFileType = sourcecode.swift; path = ContentView.swift; sourceTree = "<group>"; };
		E464D0E729F3968000EFA995 /* Assets.xcassets */ = {isa = PBXFileReference; lastKnownFileType = folder.assetcatalog; path = Assets.xcassets; sourceTree = "<group>"; };
		E464D0EA29F3968000EFA995 /* Preview Assets.xcassets */ = {isa = PBXFileReference; lastKnownFileType = folder.assetcatalog; path = "Preview Assets.xcassets"; sourceTree = "<group>"; };
		E464D0EC29F3968000EFA995 /* DataMall_Shopper.entitlements */ = {isa = PBXFileReference; lastKnownFileType = text.plist.entitlements; path = DataMall_Shopper.entitlements; sourceTree = "<group>"; };
		E464D0F329F396A600EFA995 /* BusOperator.swift */ = {isa = PBXFileReference; fileEncoding = 4; lastKnownFileType = sourcecode.swift; path = BusOperator.swift; sourceTree = "<group>"; };
		E464D0F429F396A600EFA995 /* BusStop.swift */ = {isa = PBXFileReference; fileEncoding = 4; lastKnownFileType = sourcecode.swift; path = BusStop.swift; sourceTree = "<group>"; };
		E464D0F529F396A600EFA995 /* BusService.swift */ = {isa = PBXFileReference; fileEncoding = 4; lastKnownFileType = sourcecode.swift; path = BusService.swift; sourceTree = "<group>"; };
		E464D0F629F396A600EFA995 /* APIFetchers.swift */ = {isa = PBXFileReference; fileEncoding = 4; lastKnownFileType = sourcecode.swift; path = APIFetchers.swift; sourceTree = "<group>"; };
		E464D0F729F396A600EFA995 /* BusRoutePoint.swift */ = {isa = PBXFileReference; fileEncoding = 4; lastKnownFileType = sourcecode.swift; path = BusRoutePoint.swift; sourceTree = "<group>"; };
		E464D0F829F396A600EFA995 /* APIKeyHandler.swift */ = {isa = PBXFileReference; fileEncoding = 4; lastKnownFileType = sourcecode.swift; path = APIKeyHandler.swift; sourceTree = "<group>"; };
		E464D0F929F396A600EFA995 /* BusArrivalInfo.swift */ = {isa = PBXFileReference; fileEncoding = 4; lastKnownFileType = sourcecode.swift; path = BusArrivalInfo.swift; sourceTree = "<group>"; };
		E464D0FA29F396A600EFA995 /* BusStopList.swift */ = {isa = PBXFileReference; fileEncoding = 4; lastKnownFileType = sourcecode.swift; path = BusStopList.swift; sourceTree = "<group>"; };
		E464D0FB29F396A600EFA995 /* BusRouteList.swift */ = {isa = PBXFileReference; fileEncoding = 4; lastKnownFileType = sourcecode.swift; path = BusRouteList.swift; sourceTree = "<group>"; };
		E464D10529F396C900EFA995 /* BusRouteDirection.swift */ = {isa = PBXFileReference; fileEncoding = 4; lastKnownFileType = sourcecode.swift; path = BusRouteDirection.swift; sourceTree = "<group>"; };
		E464D11029F3971700EFA995 /* JSONUtilities.swift */ = {isa = PBXFileReference; fileEncoding = 4; lastKnownFileType = sourcecode.swift; path = JSONUtilities.swift; sourceTree = "<group>"; };
		E464D11229F398AC00EFA995 /* APIKeys.plist */ = {isa = PBXFileReference; fileEncoding = 4; lastKnownFileType = text.plist.xml; path = APIKeys.plist; sourceTree = "<group>"; };
		E464D11429F398C000EFA995 /* Bundle.swift */ = {isa = PBXFileReference; fileEncoding = 4; lastKnownFileType = sourcecode.swift; path = Bundle.swift; sourceTree = "<group>"; };
		E464D11629F398DB00EFA995 /* DataMall-Shopper-Info.plist */ = {isa = PBXFileReference; lastKnownFileType = text.plist; path = "DataMall-Shopper-Info.plist"; sourceTree = SOURCE_ROOT; };
		E464D11829F3A7D600EFA995 /* BusStopsView.swift */ = {isa = PBXFileReference; lastKnownFileType = sourcecode.swift; path = BusStopsView.swift; sourceTree = "<group>"; };
		E464D11A29F3A80800EFA995 /* BusRoutesView.swift */ = {isa = PBXFileReference; lastKnownFileType = sourcecode.swift; path = BusRoutesView.swift; sourceTree = "<group>"; };
		E464D11C29F3AA1E00EFA995 /* CoordinatesView.swift */ = {isa = PBXFileReference; lastKnownFileType = sourcecode.swift; path = CoordinatesView.swift; sourceTree = "<group>"; };
		E464D11E29F3AD0100EFA995 /* PolylinesView.swift */ = {isa = PBXFileReference; lastKnownFileType = sourcecode.swift; path = PolylinesView.swift; sourceTree = "<group>"; };
		E4958A0229F3D0B400C5BE28 /* Polylines.swift */ = {isa = PBXFileReference; lastKnownFileType = sourcecode.swift; path = Polylines.swift; sourceTree = "<group>"; };
		E4958A0529F3DCAB00C5BE28 /* APIKeys-Sample.plist */ = {isa = PBXFileReference; fileEncoding = 4; lastKnownFileType = text.plist.xml; path = "APIKeys-Sample.plist"; sourceTree = "<group>"; };
/* End PBXFileReference section */

/* Begin PBXFrameworksBuildPhase section */
		E464D0DD29F3967F00EFA995 /* Frameworks */ = {
			isa = PBXFrameworksBuildPhase;
			buildActionMask = 2147483647;
			files = (
			);
			runOnlyForDeploymentPostprocessing = 0;
		};
/* End PBXFrameworksBuildPhase section */

/* Begin PBXGroup section */
		E464D0D729F3967F00EFA995 = {
			isa = PBXGroup;
			children = (
				E464D0E229F3967F00EFA995 /* DataMall Shopper */,
				E464D0E129F3967F00EFA995 /* Products */,
			);
			sourceTree = "<group>";
		};
		E464D0E129F3967F00EFA995 /* Products */ = {
			isa = PBXGroup;
			children = (
				E464D0E029F3967F00EFA995 /* DataMall Shopper.app */,
			);
			name = Products;
			sourceTree = "<group>";
		};
		E464D0E229F3967F00EFA995 /* DataMall Shopper */ = {
			isa = PBXGroup;
			children = (
				E464D11629F398DB00EFA995 /* DataMall-Shopper-Info.plist */,
				E464D11729F3A7BB00EFA995 /* Views */,
				E464D0F229F3969F00EFA995 /* API */,
				E464D10729F396DB00EFA995 /* Utilities */,
				E464D11229F398AC00EFA995 /* APIKeys.plist */,
				E4958A0529F3DCAB00C5BE28 /* APIKeys-Sample.plist */,
				E464D0E729F3968000EFA995 /* Assets.xcassets */,
				E464D0EC29F3968000EFA995 /* DataMall_Shopper.entitlements */,
				E464D0E929F3968000EFA995 /* Preview Content */,
			);
			path = "DataMall Shopper";
			sourceTree = "<group>";
		};
		E464D0E929F3968000EFA995 /* Preview Content */ = {
			isa = PBXGroup;
			children = (
				E464D0EA29F3968000EFA995 /* Preview Assets.xcassets */,
			);
			path = "Preview Content";
			sourceTree = "<group>";
		};
		E464D0F229F3969F00EFA995 /* API */ = {
			isa = PBXGroup;
			children = (
				E464D0F629F396A600EFA995 /* APIFetchers.swift */,
				E464D0F829F396A600EFA995 /* APIKeyHandler.swift */,
				E464D0F929F396A600EFA995 /* BusArrivalInfo.swift */,
				E464D0F329F396A600EFA995 /* BusOperator.swift */,
				E464D10529F396C900EFA995 /* BusRouteDirection.swift */,
				E464D0FB29F396A600EFA995 /* BusRouteList.swift */,
				E464D0F729F396A600EFA995 /* BusRoutePoint.swift */,
				E464D0F529F396A600EFA995 /* BusService.swift */,
				E464D0F429F396A600EFA995 /* BusStop.swift */,
				E464D0FA29F396A600EFA995 /* BusStopList.swift */,
			);
			path = API;
			sourceTree = "<group>";
		};
		E464D10729F396DB00EFA995 /* Utilities */ = {
			isa = PBXGroup;
			children = (
				E464D11429F398C000EFA995 /* Bundle.swift */,
				E464D11029F3971700EFA995 /* JSONUtilities.swift */,
				E4958A0229F3D0B400C5BE28 /* Polylines.swift */,
			);
			path = Utilities;
			sourceTree = "<group>";
		};
		E464D11729F3A7BB00EFA995 /* Views */ = {
			isa = PBXGroup;
			children = (
				E464D0E329F3967F00EFA995 /* App.swift */,
				E464D0E529F3967F00EFA995 /* ContentView.swift */,
				E464D11829F3A7D600EFA995 /* BusStopsView.swift */,
				E464D11A29F3A80800EFA995 /* BusRoutesView.swift */,
				E464D11C29F3AA1E00EFA995 /* CoordinatesView.swift */,
				E464D11E29F3AD0100EFA995 /* PolylinesView.swift */,
			);
			path = Views;
			sourceTree = "<group>";
		};
/* End PBXGroup section */

/* Begin PBXNativeTarget section */
		E464D0DF29F3967F00EFA995 /* DataMall Shopper */ = {
			isa = PBXNativeTarget;
			buildConfigurationList = E464D0EF29F3968000EFA995 /* Build configuration list for PBXNativeTarget "DataMall Shopper" */;
			buildPhases = (
				E464D0DC29F3967F00EFA995 /* Sources */,
				E464D0DD29F3967F00EFA995 /* Frameworks */,
				E464D0DE29F3967F00EFA995 /* Resources */,
				E4958A0429F3DA2700C5BE28 /* ShellScript */,
			);
			buildRules = (
			);
			dependencies = (
			);
			name = "DataMall Shopper";
			productName = "DataMall Shopper";
			productReference = E464D0E029F3967F00EFA995 /* DataMall Shopper.app */;
			productType = "com.apple.product-type.application";
		};
/* End PBXNativeTarget section */

/* Begin PBXProject section */
		E464D0D829F3967F00EFA995 /* Project object */ = {
			isa = PBXProject;
			attributes = {
				BuildIndependentTargetsInParallel = 1;
				LastSwiftUpdateCheck = 1430;
				LastUpgradeCheck = 1430;
				TargetAttributes = {
					E464D0DF29F3967F00EFA995 = {
						CreatedOnToolsVersion = 14.3;
					};
				};
			};
			buildConfigurationList = E464D0DB29F3967F00EFA995 /* Build configuration list for PBXProject "DataMall Shopper" */;
			compatibilityVersion = "Xcode 14.0";
			developmentRegion = en;
			hasScannedForEncodings = 0;
			knownRegions = (
				en,
				Base,
			);
			mainGroup = E464D0D729F3967F00EFA995;
			productRefGroup = E464D0E129F3967F00EFA995 /* Products */;
			projectDirPath = "";
			projectRoot = "";
			targets = (
				E464D0DF29F3967F00EFA995 /* DataMall Shopper */,
			);
		};
/* End PBXProject section */

/* Begin PBXResourcesBuildPhase section */
		E464D0DE29F3967F00EFA995 /* Resources */ = {
			isa = PBXResourcesBuildPhase;
			buildActionMask = 2147483647;
			files = (
				E464D11329F398AC00EFA995 /* APIKeys.plist in Resources */,
				E464D0EB29F3968000EFA995 /* Preview Assets.xcassets in Resources */,
				E464D0E829F3968000EFA995 /* Assets.xcassets in Resources */,
				E4958A0629F3DCAB00C5BE28 /* APIKeys-Sample.plist in Resources */,
			);
			runOnlyForDeploymentPostprocessing = 0;
		};
/* End PBXResourcesBuildPhase section */

/* Begin PBXShellScriptBuildPhase section */
		E4958A0429F3DA2700C5BE28 /* ShellScript */ = {
			isa = PBXShellScriptBuildPhase;
			alwaysOutOfDate = 1;
			buildActionMask = 2147483647;
			files = (
			);
			inputFileListPaths = (
			);
			inputPaths = (
			);
			outputFileListPaths = (
			);
			outputPaths = (
			);
			runOnlyForDeploymentPostprocessing = 0;
			shellPath = /bin/sh;
			shellScript = "export PATH=\"$PATH:/opt/homebrew/bin\"\nif which swiftlint > /dev/null; then\n  swiftlint\nelse\n  echo \"warning: SwiftLint not installed, download from https://github.com/realm/SwiftLint\"\nfi\n";
		};
/* End PBXShellScriptBuildPhase section */

/* Begin PBXSourcesBuildPhase section */
		E464D0DC29F3967F00EFA995 /* Sources */ = {
			isa = PBXSourcesBuildPhase;
			buildActionMask = 2147483647;
			files = (
				E464D10329F396A600EFA995 /* BusStopList.swift in Sources */,
				E464D0FD29F396A600EFA995 /* BusStop.swift in Sources */,
				E464D11D29F3AA1E00EFA995 /* CoordinatesView.swift in Sources */,
				E464D11129F3971700EFA995 /* JSONUtilities.swift in Sources */,
				E464D11F29F3AD0100EFA995 /* PolylinesView.swift in Sources */,
				E4958A0329F3D0B400C5BE28 /* Polylines.swift in Sources */,
				E464D11B29F3A80800EFA995 /* BusRoutesView.swift in Sources */,
				E464D0FC29F396A600EFA995 /* BusOperator.swift in Sources */,
				E464D10429F396A600EFA995 /* BusRouteList.swift in Sources */,
				E464D0FE29F396A600EFA995 /* BusService.swift in Sources */,
				E464D0E629F3967F00EFA995 /* ContentView.swift in Sources */,
				E464D10029F396A600EFA995 /* BusRoutePoint.swift in Sources */,
				E464D0FF29F396A600EFA995 /* APIFetchers.swift in Sources */,
				E464D10629F396C900EFA995 /* BusRouteDirection.swift in Sources */,
				E464D11929F3A7D600EFA995 /* BusStopsView.swift in Sources */,
				E464D0E429F3967F00EFA995 /* App.swift in Sources */,
				E464D10229F396A600EFA995 /* BusArrivalInfo.swift in Sources */,
				E464D11529F398C000EFA995 /* Bundle.swift in Sources */,
				E464D10129F396A600EFA995 /* APIKeyHandler.swift in Sources */,
			);
			runOnlyForDeploymentPostprocessing = 0;
		};
/* End PBXSourcesBuildPhase section */

/* Begin XCBuildConfiguration section */
		E464D0ED29F3968000EFA995 /* Debug */ = {
			isa = XCBuildConfiguration;
			buildSettings = {
				ALWAYS_SEARCH_USER_PATHS = NO;
				CLANG_ANALYZER_NONNULL = YES;
				CLANG_ANALYZER_NUMBER_OBJECT_CONVERSION = YES_AGGRESSIVE;
				CLANG_CXX_LANGUAGE_STANDARD = "gnu++20";
				CLANG_ENABLE_MODULES = YES;
				CLANG_ENABLE_OBJC_ARC = YES;
				CLANG_ENABLE_OBJC_WEAK = YES;
				CLANG_WARN_BLOCK_CAPTURE_AUTORELEASING = YES;
				CLANG_WARN_BOOL_CONVERSION = YES;
				CLANG_WARN_COMMA = YES;
				CLANG_WARN_CONSTANT_CONVERSION = YES;
				CLANG_WARN_DEPRECATED_OBJC_IMPLEMENTATIONS = YES;
				CLANG_WARN_DIRECT_OBJC_ISA_USAGE = YES_ERROR;
				CLANG_WARN_DOCUMENTATION_COMMENTS = YES;
				CLANG_WARN_EMPTY_BODY = YES;
				CLANG_WARN_ENUM_CONVERSION = YES;
				CLANG_WARN_INFINITE_RECURSION = YES;
				CLANG_WARN_INT_CONVERSION = YES;
				CLANG_WARN_NON_LITERAL_NULL_CONVERSION = YES;
				CLANG_WARN_OBJC_IMPLICIT_RETAIN_SELF = YES;
				CLANG_WARN_OBJC_LITERAL_CONVERSION = YES;
				CLANG_WARN_OBJC_ROOT_CLASS = YES_ERROR;
				CLANG_WARN_QUOTED_INCLUDE_IN_FRAMEWORK_HEADER = YES;
				CLANG_WARN_RANGE_LOOP_ANALYSIS = YES;
				CLANG_WARN_STRICT_PROTOTYPES = YES;
				CLANG_WARN_SUSPICIOUS_MOVE = YES;
				CLANG_WARN_UNGUARDED_AVAILABILITY = YES_AGGRESSIVE;
				CLANG_WARN_UNREACHABLE_CODE = YES;
				CLANG_WARN__DUPLICATE_METHOD_MATCH = YES;
				COPY_PHASE_STRIP = NO;
				DEBUG_INFORMATION_FORMAT = dwarf;
				ENABLE_STRICT_OBJC_MSGSEND = YES;
				ENABLE_TESTABILITY = YES;
				GCC_C_LANGUAGE_STANDARD = gnu11;
				GCC_DYNAMIC_NO_PIC = NO;
				GCC_NO_COMMON_BLOCKS = YES;
				GCC_OPTIMIZATION_LEVEL = 0;
				GCC_PREPROCESSOR_DEFINITIONS = (
					"DEBUG=1",
					"$(inherited)",
				);
				GCC_WARN_64_TO_32_BIT_CONVERSION = YES;
				GCC_WARN_ABOUT_RETURN_TYPE = YES_ERROR;
				GCC_WARN_UNDECLARED_SELECTOR = YES;
				GCC_WARN_UNINITIALIZED_AUTOS = YES_AGGRESSIVE;
				GCC_WARN_UNUSED_FUNCTION = YES;
				GCC_WARN_UNUSED_VARIABLE = YES;
				MACOSX_DEPLOYMENT_TARGET = 13.3;
				MTL_ENABLE_DEBUG_INFO = INCLUDE_SOURCE;
				MTL_FAST_MATH = YES;
				ONLY_ACTIVE_ARCH = YES;
				SDKROOT = macosx;
				SWIFT_ACTIVE_COMPILATION_CONDITIONS = DEBUG;
				SWIFT_OPTIMIZATION_LEVEL = "-Onone";
			};
			name = Debug;
		};
		E464D0EE29F3968000EFA995 /* Release */ = {
			isa = XCBuildConfiguration;
			buildSettings = {
				ALWAYS_SEARCH_USER_PATHS = NO;
				CLANG_ANALYZER_NONNULL = YES;
				CLANG_ANALYZER_NUMBER_OBJECT_CONVERSION = YES_AGGRESSIVE;
				CLANG_CXX_LANGUAGE_STANDARD = "gnu++20";
				CLANG_ENABLE_MODULES = YES;
				CLANG_ENABLE_OBJC_ARC = YES;
				CLANG_ENABLE_OBJC_WEAK = YES;
				CLANG_WARN_BLOCK_CAPTURE_AUTORELEASING = YES;
				CLANG_WARN_BOOL_CONVERSION = YES;
				CLANG_WARN_COMMA = YES;
				CLANG_WARN_CONSTANT_CONVERSION = YES;
				CLANG_WARN_DEPRECATED_OBJC_IMPLEMENTATIONS = YES;
				CLANG_WARN_DIRECT_OBJC_ISA_USAGE = YES_ERROR;
				CLANG_WARN_DOCUMENTATION_COMMENTS = YES;
				CLANG_WARN_EMPTY_BODY = YES;
				CLANG_WARN_ENUM_CONVERSION = YES;
				CLANG_WARN_INFINITE_RECURSION = YES;
				CLANG_WARN_INT_CONVERSION = YES;
				CLANG_WARN_NON_LITERAL_NULL_CONVERSION = YES;
				CLANG_WARN_OBJC_IMPLICIT_RETAIN_SELF = YES;
				CLANG_WARN_OBJC_LITERAL_CONVERSION = YES;
				CLANG_WARN_OBJC_ROOT_CLASS = YES_ERROR;
				CLANG_WARN_QUOTED_INCLUDE_IN_FRAMEWORK_HEADER = YES;
				CLANG_WARN_RANGE_LOOP_ANALYSIS = YES;
				CLANG_WARN_STRICT_PROTOTYPES = YES;
				CLANG_WARN_SUSPICIOUS_MOVE = YES;
				CLANG_WARN_UNGUARDED_AVAILABILITY = YES_AGGRESSIVE;
				CLANG_WARN_UNREACHABLE_CODE = YES;
				CLANG_WARN__DUPLICATE_METHOD_MATCH = YES;
				COPY_PHASE_STRIP = NO;
				DEBUG_INFORMATION_FORMAT = "dwarf-with-dsym";
				ENABLE_NS_ASSERTIONS = NO;
				ENABLE_STRICT_OBJC_MSGSEND = YES;
				GCC_C_LANGUAGE_STANDARD = gnu11;
				GCC_NO_COMMON_BLOCKS = YES;
				GCC_WARN_64_TO_32_BIT_CONVERSION = YES;
				GCC_WARN_ABOUT_RETURN_TYPE = YES_ERROR;
				GCC_WARN_UNDECLARED_SELECTOR = YES;
				GCC_WARN_UNINITIALIZED_AUTOS = YES_AGGRESSIVE;
				GCC_WARN_UNUSED_FUNCTION = YES;
				GCC_WARN_UNUSED_VARIABLE = YES;
				MACOSX_DEPLOYMENT_TARGET = 13.3;
				MTL_ENABLE_DEBUG_INFO = NO;
				MTL_FAST_MATH = YES;
				SDKROOT = macosx;
				SWIFT_COMPILATION_MODE = wholemodule;
				SWIFT_OPTIMIZATION_LEVEL = "-O";
			};
			name = Release;
		};
		E464D0F029F3968000EFA995 /* Debug */ = {
			isa = XCBuildConfiguration;
			buildSettings = {
				ASSETCATALOG_COMPILER_APPICON_NAME = AppIcon;
				ASSETCATALOG_COMPILER_GLOBAL_ACCENT_COLOR_NAME = AccentColor;
				CODE_SIGN_ENTITLEMENTS = "DataMall Shopper/DataMall_Shopper.entitlements";
				CODE_SIGN_STYLE = Automatic;
				COMBINE_HIDPI_IMAGES = YES;
				CURRENT_PROJECT_VERSION = 1;
				DEVELOPMENT_ASSET_PATHS = "\"DataMall Shopper/Preview Content\"";
				DEVELOPMENT_TEAM = YYM4Z6MU8F;
				ENABLE_HARDENED_RUNTIME = YES;
				ENABLE_PREVIEWS = YES;
				GENERATE_INFOPLIST_FILE = YES;
				INFOPLIST_FILE = "DataMall-Shopper-Info.plist";
				INFOPLIST_KEY_NSHumanReadableCopyright = "";
				LD_RUNPATH_SEARCH_PATHS = (
					"$(inherited)",
					"@executable_path/../Frameworks",
				);
				MARKETING_VERSION = 1.0;
				PRODUCT_BUNDLE_IDENTIFIER = "com.tsubuzaki.DataMall-Shopper";
				PRODUCT_NAME = "$(TARGET_NAME)";
				SWIFT_EMIT_LOC_STRINGS = YES;
				SWIFT_VERSION = 5.0;
			};
			name = Debug;
		};
		E464D0F129F3968000EFA995 /* Release */ = {
			isa = XCBuildConfiguration;
			buildSettings = {
				ASSETCATALOG_COMPILER_APPICON_NAME = AppIcon;
				ASSETCATALOG_COMPILER_GLOBAL_ACCENT_COLOR_NAME = AccentColor;
				CODE_SIGN_ENTITLEMENTS = "DataMall Shopper/DataMall_Shopper.entitlements";
				CODE_SIGN_STYLE = Automatic;
				COMBINE_HIDPI_IMAGES = YES;
				CURRENT_PROJECT_VERSION = 1;
				DEVELOPMENT_ASSET_PATHS = "\"DataMall Shopper/Preview Content\"";
				DEVELOPMENT_TEAM = YYM4Z6MU8F;
				ENABLE_HARDENED_RUNTIME = YES;
				ENABLE_PREVIEWS = YES;
				GENERATE_INFOPLIST_FILE = YES;
				INFOPLIST_FILE = "DataMall-Shopper-Info.plist";
				INFOPLIST_KEY_NSHumanReadableCopyright = "";
				LD_RUNPATH_SEARCH_PATHS = (
					"$(inherited)",
					"@executable_path/../Frameworks",
				);
				MARKETING_VERSION = 1.0;
				PRODUCT_BUNDLE_IDENTIFIER = "com.tsubuzaki.DataMall-Shopper";
				PRODUCT_NAME = "$(TARGET_NAME)";
				SWIFT_EMIT_LOC_STRINGS = YES;
				SWIFT_VERSION = 5.0;
			};
			name = Release;
		};
/* End XCBuildConfiguration section */

/* Begin XCConfigurationList section */
		E464D0DB29F3967F00EFA995 /* Build configuration list for PBXProject "DataMall Shopper" */ = {
			isa = XCConfigurationList;
			buildConfigurations = (
				E464D0ED29F3968000EFA995 /* Debug */,
				E464D0EE29F3968000EFA995 /* Release */,
			);
			defaultConfigurationIsVisible = 0;
			defaultConfigurationName = Release;
		};
		E464D0EF29F3968000EFA995 /* Build configuration list for PBXNativeTarget "DataMall Shopper" */ = {
			isa = XCConfigurationList;
			buildConfigurations = (
				E464D0F029F3968000EFA995 /* Debug */,
				E464D0F129F3968000EFA995 /* Release */,
			);
			defaultConfigurationIsVisible = 0;
			defaultConfigurationName = Release;
		};
/* End XCConfigurationList section */
	};
	rootObject = E464D0D829F3967F00EFA995 /* Project object */;
}
